
Microsoft Visual Studio Solution File, Format Version 12.00
# Visual Studio Version 17
VisualStudioVersion = 17.12.35209.166
MinimumVisualStudioVersion = 10.0.40219.1
Project("{2150E333-8FDC-42A3-9474-1A3956D46DE8}") = "Tests", "Tests", "{9C0AC9FD-05EC-4A1F-9F61-B1C377A987FD}"
EndProject
Project("{9A19103F-16F7-4668-BE54-9A1E7A4F7556}") = "E.Scripting.Tests", "src\D.Scripting.Tests\E.Scripting.Tests.csproj", "{6B10A5BB-6192-4937-BAD8-11D19F12060A}"
EndProject
Project("{9A19103F-16F7-4668-BE54-9A1E7A4F7556}") = "E.Core", "src\D.Core\E.Core.csproj", "{2DCA1E62-E07B-4D2B-9DC4-511520F8501F}"
EndProject
Project("{9A19103F-16F7-4668-BE54-9A1E7A4F7556}") = "E.Mathematics", "src\D.Mathematics\E.Mathematics.csproj", "{025D40D2-1EAD-4DE1-9970-380CE706722A}"
EndProject
Project("{9A19103F-16F7-4668-BE54-9A1E7A4F7556}") = "E.Scripting", "src\D.Scripting\E.Scripting.csproj", "{5E63F600-3832-4379-A790-F08688AA6467}"
EndProject
Project("{9A19103F-16F7-4668-BE54-9A1E7A4F7556}") = "E.Tests", "src\D.Tests\E.Tests.csproj", "{D4F068E8-FC64-4F61-BC01-9D841E5AA5F7}"
EndProject
Project("{9A19103F-16F7-4668-BE54-9A1E7A4F7556}") = "E.Compiler.Tests", "src\D.Compiler.Tests\E.Compiler.Tests.csproj", "{5A28DC7D-1FFC-482C-8819-0FDBE60573A5}"
EndProject
Project("{9A19103F-16F7-4668-BE54-9A1E7A4F7556}") = "E.Sharp", "src\D.Sharp\E.Sharp.csproj", "{9EB5BCE2-2475-499E-B012-4E9DEEEBF7D2}"
EndProject
Project("{9A19103F-16F7-4668-BE54-9A1E7A4F7556}") = "E.Inference.Tests", "src\D.TypeSystem.Tests\E.Inference.Tests.csproj", "{27C83423-5162-4ABC-BFE1-94EEB19604E3}"
EndProject
Project("{9A19103F-16F7-4668-BE54-9A1E7A4F7556}") = "E.Imaging.Tests", "src\D.Imaging.Tests\E.Imaging.Tests.csproj", "{8A9B10C4-72EC-4176-BE68-2F537CB4D8D8}"
EndProject
Project("{9A19103F-16F7-4668-BE54-9A1E7A4F7556}") = "E.Imaging", "src\D.Imaging\E.Imaging.csproj", "{1E855C62-AA4D-42F0-98EA-FAF9BC4A92D2}"
EndProject
Project("{9A19103F-16F7-4668-BE54-9A1E7A4F7556}") = "E.Layout", "src\D.Layout\E.Layout.csproj", "{34C6BC47-22A6-4EE2-86DE-F7A3903A81BE}"
EndProject
Project("{2150E333-8FDC-42A3-9474-1A3956D46DE8}") = "Solution Items", "Solution Items", "{BF6ED28A-BB19-49AA-B8D4-4E183CE77947}"
	ProjectSection(SolutionItems) = preProject
		Directory.Build.props = Directory.Build.props
	EndProjectSection
EndProject
Global
	GlobalSection(SolutionConfigurationPlatforms) = preSolution
		Debug|Any CPU = Debug|Any CPU
		Release|Any CPU = Release|Any CPU
	EndGlobalSection
	GlobalSection(ProjectConfigurationPlatforms) = postSolution
		{6B10A5BB-6192-4937-BAD8-11D19F12060A}.Debug|Any CPU.ActiveCfg = Debug|Any CPU
		{6B10A5BB-6192-4937-BAD8-11D19F12060A}.Debug|Any CPU.Build.0 = Debug|Any CPU
		{6B10A5BB-6192-4937-BAD8-11D19F12060A}.Release|Any CPU.ActiveCfg = Release|Any CPU
		{6B10A5BB-6192-4937-BAD8-11D19F12060A}.Release|Any CPU.Build.0 = Release|Any CPU
		{2DCA1E62-E07B-4D2B-9DC4-511520F8501F}.Debug|Any CPU.ActiveCfg = Debug|Any CPU
		{2DCA1E62-E07B-4D2B-9DC4-511520F8501F}.Debug|Any CPU.Build.0 = Debug|Any CPU
		{2DCA1E62-E07B-4D2B-9DC4-511520F8501F}.Release|Any CPU.ActiveCfg = Release|Any CPU
		{2DCA1E62-E07B-4D2B-9DC4-511520F8501F}.Release|Any CPU.Build.0 = Release|Any CPU
		{025D40D2-1EAD-4DE1-9970-380CE706722A}.Debug|Any CPU.ActiveCfg = Debug|Any CPU
		{025D40D2-1EAD-4DE1-9970-380CE706722A}.Debug|Any CPU.Build.0 = Debug|Any CPU
		{025D40D2-1EAD-4DE1-9970-380CE706722A}.Release|Any CPU.ActiveCfg = Release|Any CPU
		{025D40D2-1EAD-4DE1-9970-380CE706722A}.Release|Any CPU.Build.0 = Release|Any CPU
		{5E63F600-3832-4379-A790-F08688AA6467}.Debug|Any CPU.ActiveCfg = Debug|Any CPU
		{5E63F600-3832-4379-A790-F08688AA6467}.Debug|Any CPU.Build.0 = Debug|Any CPU
		{5E63F600-3832-4379-A790-F08688AA6467}.Release|Any CPU.ActiveCfg = Release|Any CPU
		{5E63F600-3832-4379-A790-F08688AA6467}.Release|Any CPU.Build.0 = Release|Any CPU
		{D4F068E8-FC64-4F61-BC01-9D841E5AA5F7}.Debug|Any CPU.ActiveCfg = Debug|Any CPU
		{D4F068E8-FC64-4F61-BC01-9D841E5AA5F7}.Debug|Any CPU.Build.0 = Debug|Any CPU
		{D4F068E8-FC64-4F61-BC01-9D841E5AA5F7}.Release|Any CPU.ActiveCfg = Release|Any CPU
		{D4F068E8-FC64-4F61-BC01-9D841E5AA5F7}.Release|Any CPU.Build.0 = Release|Any CPU
		{5A28DC7D-1FFC-482C-8819-0FDBE60573A5}.Debug|Any CPU.ActiveCfg = Debug|Any CPU
		{5A28DC7D-1FFC-482C-8819-0FDBE60573A5}.Debug|Any CPU.Build.0 = Debug|Any CPU
		{5A28DC7D-1FFC-482C-8819-0FDBE60573A5}.Release|Any CPU.ActiveCfg = Release|Any CPU
		{5A28DC7D-1FFC-482C-8819-0FDBE60573A5}.Release|Any CPU.Build.0 = Release|Any CPU
		{9EB5BCE2-2475-499E-B012-4E9DEEEBF7D2}.Debug|Any CPU.ActiveCfg = Debug|Any CPU
		{9EB5BCE2-2475-499E-B012-4E9DEEEBF7D2}.Debug|Any CPU.Build.0 = Debug|Any CPU
		{9EB5BCE2-2475-499E-B012-4E9DEEEBF7D2}.Release|Any CPU.ActiveCfg = Release|Any CPU
		{9EB5BCE2-2475-499E-B012-4E9DEEEBF7D2}.Release|Any CPU.Build.0 = Release|Any CPU
		{27C83423-5162-4ABC-BFE1-94EEB19604E3}.Debug|Any CPU.ActiveCfg = Debug|Any CPU
		{27C83423-5162-4ABC-BFE1-94EEB19604E3}.Debug|Any CPU.Build.0 = Debug|Any CPU
		{27C83423-5162-4ABC-BFE1-94EEB19604E3}.Release|Any CPU.ActiveCfg = Release|Any CPU
		{27C83423-5162-4ABC-BFE1-94EEB19604E3}.Release|Any CPU.Build.0 = Release|Any CPU
		{8A9B10C4-72EC-4176-BE68-2F537CB4D8D8}.Debug|Any CPU.ActiveCfg = Debug|Any CPU
		{8A9B10C4-72EC-4176-BE68-2F537CB4D8D8}.Debug|Any CPU.Build.0 = Debug|Any CPU
		{8A9B10C4-72EC-4176-BE68-2F537CB4D8D8}.Release|Any CPU.ActiveCfg = Release|Any CPU
		{8A9B10C4-72EC-4176-BE68-2F537CB4D8D8}.Release|Any CPU.Build.0 = Release|Any CPU
		{1E855C62-AA4D-42F0-98EA-FAF9BC4A92D2}.Debug|Any CPU.ActiveCfg = Debug|Any CPU
		{1E855C62-AA4D-42F0-98EA-FAF9BC4A92D2}.Debug|Any CPU.Build.0 = Debug|Any CPU
		{1E855C62-AA4D-42F0-98EA-FAF9BC4A92D2}.Release|Any CPU.ActiveCfg = Release|Any CPU
		{1E855C62-AA4D-42F0-98EA-FAF9BC4A92D2}.Release|Any CPU.Build.0 = Release|Any CPU
		{34C6BC47-22A6-4EE2-86DE-F7A3903A81BE}.Debug|Any CPU.ActiveCfg = Debug|Any CPU
		{34C6BC47-22A6-4EE2-86DE-F7A3903A81BE}.Debug|Any CPU.Build.0 = Debug|Any CPU
		{34C6BC47-22A6-4EE2-86DE-F7A3903A81BE}.Release|Any CPU.ActiveCfg = Release|Any CPU
		{34C6BC47-22A6-4EE2-86DE-F7A3903A81BE}.Release|Any CPU.Build.0 = Release|Any CPU
	EndGlobalSection
	GlobalSection(SolutionProperties) = preSolution
		HideSolutionNode = FALSE
	EndGlobalSection
	GlobalSection(NestedProjects) = preSolution
		{6B10A5BB-6192-4937-BAD8-11D19F12060A} = {9C0AC9FD-05EC-4A1F-9F61-B1C377A987FD}
		{D4F068E8-FC64-4F61-BC01-9D841E5AA5F7} = {9C0AC9FD-05EC-4A1F-9F61-B1C377A987FD}
		{5A28DC7D-1FFC-482C-8819-0FDBE60573A5} = {9C0AC9FD-05EC-4A1F-9F61-B1C377A987FD}
		{27C83423-5162-4ABC-BFE1-94EEB19604E3} = {9C0AC9FD-05EC-4A1F-9F61-B1C377A987FD}
		{8A9B10C4-72EC-4176-BE68-2F537CB4D8D8} = {9C0AC9FD-05EC-4A1F-9F61-B1C377A987FD}
	EndGlobalSection
	GlobalSection(ExtensibilityGlobals) = postSolution
		SolutionGuid = {1480D999-7D46-4990-9BF8-738D666F98FE}
	EndGlobalSection
EndGlobal
